
Microsoft Visual Studio Solution File, Format Version 12.00
# Visual Studio 15
VisualStudioVersion = 15.0.28307.757
MinimumVisualStudioVersion = 10.0.40219.1
Project("{FAE04EC0-301F-11D3-BF4B-00C04F79EFBC}") = "WebTienda", "WebTienda\WebTienda.csproj", "{5A2CA882-8EC9-4733-9A59-B21C94676D53}"
EndProject
Project("{FAE04EC0-301F-11D3-BF4B-00C04F79EFBC}") = "DbWebTienda", "DbWebTienda\DbWebTienda.csproj", "{751AF83A-332D-4AD6-8CA5-585A00087DD6}"
EndProject
Project("{FAE04EC0-301F-11D3-BF4B-00C04F79EFBC}") = "WSProducto", "WSProducto\WSProducto.csproj", "{27DBF794-736B-4CFB-9CED-66A3A6E0CE89}"
EndProject
Global
	GlobalSection(SolutionConfigurationPlatforms) = preSolution
		Debug|Any CPU = Debug|Any CPU
		Release|Any CPU = Release|Any CPU
	EndGlobalSection
	GlobalSection(ProjectConfigurationPlatforms) = postSolution
		{5A2CA882-8EC9-4733-9A59-B21C94676D53}.Debug|Any CPU.ActiveCfg = Debug|Any CPU
		{5A2CA882-8EC9-4733-9A59-B21C94676D53}.Debug|Any CPU.Build.0 = Debug|Any CPU
		{5A2CA882-8EC9-4733-9A59-B21C94676D53}.Release|Any CPU.ActiveCfg = Release|Any CPU
		{5A2CA882-8EC9-4733-9A59-B21C94676D53}.Release|Any CPU.Build.0 = Release|Any CPU
		{751AF83A-332D-4AD6-8CA5-585A00087DD6}.Debug|Any CPU.ActiveCfg = Debug|Any CPU
		{751AF83A-332D-4AD6-8CA5-585A00087DD6}.Debug|Any CPU.Build.0 = Debug|Any CPU
		{751AF83A-332D-4AD6-8CA5-585A00087DD6}.Release|Any CPU.ActiveCfg = Release|Any CPU
		{751AF83A-332D-4AD6-8CA5-585A00087DD6}.Release|Any CPU.Build.0 = Release|Any CPU
		{27DBF794-736B-4CFB-9CED-66A3A6E0CE89}.Debug|Any CPU.ActiveCfg = Debug|Any CPU
		{27DBF794-736B-4CFB-9CED-66A3A6E0CE89}.Debug|Any CPU.Build.0 = Debug|Any CPU
		{27DBF794-736B-4CFB-9CED-66A3A6E0CE89}.Release|Any CPU.ActiveCfg = Release|Any CPU
		{27DBF794-736B-4CFB-9CED-66A3A6E0CE89}.Release|Any CPU.Build.0 = Release|Any CPU
	EndGlobalSection
	GlobalSection(SolutionProperties) = preSolution
		HideSolutionNode = FALSE
	EndGlobalSection
	GlobalSection(ExtensibilityGlobals) = postSolution
		SolutionGuid = {31B5E255-CCD5-43B1-9D6E-5459A2014138}
	EndGlobalSection
EndGlobal
